
Microsoft Visual Studio Solution File, Format Version 12.00
# Visual Studio 15
VisualStudioVersion = 15.0.28307.572
MinimumVisualStudioVersion = 10.0.40219.1
Project("{FAE04EC0-301F-11D3-BF4B-00C04F79EFBC}") = "WindowsPowerPlan", "WindowsPowerPlan\WindowsPowerPlan.csproj", "{C91E3BAD-E79D-47B7-AEB5-C7C86CB513D8}"
EndProject
Global
	GlobalSection(SolutionConfigurationPlatforms) = preSolution
		Debug|Any CPU = Debug|Any CPU
		Release|Any CPU = Release|Any CPU
	EndGlobalSection
	GlobalSection(ProjectConfigurationPlatforms) = postSolution
		{C91E3BAD-E79D-47B7-AEB5-C7C86CB513D8}.Debug|Any CPU.ActiveCfg = Debug|Any CPU
		{C91E3BAD-E79D-47B7-AEB5-C7C86CB513D8}.Debug|Any CPU.Build.0 = Debug|Any CPU
		{C91E3BAD-E79D-47B7-AEB5-C7C86CB513D8}.Release|Any CPU.ActiveCfg = Release|Any CPU
		{C91E3BAD-E79D-47B7-AEB5-C7C86CB513D8}.Release|Any CPU.Build.0 = Release|Any CPU
	EndGlobalSection
	GlobalSection(SolutionProperties) = preSolution
		HideSolutionNode = FALSE
	EndGlobalSection
	GlobalSection(ExtensibilityGlobals) = postSolution
		SolutionGuid = {AFDC091C-5AB6-4D84-A869-750A9D02E4F1}
	EndGlobalSection
EndGlobal
